<Solution>
  <Project Path="FullscreenEditor.csproj" />
  <Project Path="VFolders.csproj" />
  <Project Path="VHierarchy.csproj" />
  <Project Path="Assembly-CSharp-firstpass.csproj" />
  <Project Path="Assembly-CSharp-Editor-firstpass.csproj" />
  <Project Path="Assembly-CSharp.csproj" />
</Solution>
